PODS:
  - AFNetworking (1.3.2)
  - DCModalSegue (0.0.2)
  - FlatUIKit (1.2)
  - Google-Maps-iOS-SDK (1.4.2)
  - KNSemiModalViewController (0.3)
  - RHAddressBook (1.0.2)
  - SKBounceAnimation (1.0.03)
  - TwilioSDK (0.0.4)

DEPENDENCIES:
  - AFNetworking (= 1.3.2)
  - DCModalSegue
  - FlatUIKit
  - Google-Maps-iOS-SDK
  - KNSemiModalViewController (~> 0.3)
  - RHAddressBook (~> 1.0.2)
  - SKBounceAnimation (~> 1.0.03)
  - TwilioSDK (~> 0.0.4)

SPEC CHECKSUMS:
  AFNetworking: 7f9bcd7c287a75476cd5c61e82fd3380e93e4c54
  DCModalSegue: dbec9bde298bdb92c4d15b2e4a10b6f43bc0977e
  FlatUIKit: 43b2acaa6f4ef57539b51b00e4ce62d506e33e11
  Google-Maps-iOS-SDK: d1b26a21be8ba0c80a88c5f45dd5fb527ab29703
  KNSemiModalViewController: 976b739f57aa595359a2cfdf6aadde991ada8f99
  RHAddressBook: 64f78a4058e0a7849275c970bf19fe195edf94d0
  SKBounceAnimation: 116cdcda440d52f2f6d176032678ffd526ec652a
  TwilioSDK: a2802b03743ffc9d10b05eb5f817580cad5e7c35

COCOAPODS: 0.23.0
